// !$*UTF8*$!
{
	archiveVersion = 1;
	classes = {
	};
	objectVersion = 50;
	objects = {

/* Begin PBXBuildFile section */
		94248BE522E628C100E33D0A /* AppDelegate.swift in Sources */ = {isa = PBXBuildFile; fileRef = 94248BE422E628C100E33D0A /* AppDelegate.swift */; };
		94248BE722E628C100E33D0A /* ViewController.swift in Sources */ = {isa = PBXBuildFile; fileRef = 94248BE622E628C100E33D0A /* ViewController.swift */; };
		94248BEA22E628C100E33D0A /* Main.storyboard in Resources */ = {isa = PBXBuildFile; fileRef = 94248BE822E628C100E33D0A /* Main.storyboard */; };
		94248BEC22E628C200E33D0A /* Assets.xcassets in Resources */ = {isa = PBXBuildFile; fileRef = 94248BEB22E628C200E33D0A /* Assets.xcassets */; };
		94248BEF22E628C200E33D0A /* LaunchScreen.storyboard in Resources */ = {isa = PBXBuildFile; fileRef = 94248BED22E628C200E33D0A /* LaunchScreen.storyboard */; };
		94248BF722E6294400E33D0A /* CellViewModel.swift in Sources */ = {isa = PBXBuildFile; fileRef = 94248BF622E6294400E33D0A /* CellViewModel.swift */; };
		94248BF922E62A9900E33D0A /* Cell.swift in Sources */ = {isa = PBXBuildFile; fileRef = 94248BF822E62A9900E33D0A /* Cell.swift */; };
/* End PBXBuildFile section */

/* Begin PBXFileReference section */
		94248BE122E628C100E33D0A /* ExpandableTableCell.app */ = {isa = PBXFileReference; explicitFileType = wrapper.application; includeInIndex = 0; path = ExpandableTableCell.app; sourceTree = BUILT_PRODUCTS_DIR; };
		94248BE422E628C100E33D0A /* AppDelegate.swift */ = {isa = PBXFileReference; lastKnownFileType = sourcecode.swift; path = AppDelegate.swift; sourceTree = "<group>"; };
		94248BE622E628C100E33D0A /* ViewController.swift */ = {isa = PBXFileReference; lastKnownFileType = sourcecode.swift; path = ViewController.swift; sourceTree = "<group>"; };
		94248BE922E628C100E33D0A /* Base */ = {isa = PBXFileReference; lastKnownFileType = file.storyboard; name = Base; path = Base.lproj/Main.storyboard; sourceTree = "<group>"; };
		94248BEB22E628C200E33D0A /* Assets.xcassets */ = {isa = PBXFileReference; lastKnownFileType = folder.assetcatalog; path = Assets.xcassets; sourceTree = "<group>"; };
		94248BEE22E628C200E33D0A /* Base */ = {isa = PBXFileReference; lastKnownFileType = file.storyboard; name = Base; path = Base.lproj/LaunchScreen.storyboard; sourceTree = "<group>"; };
		94248BF022E628C200E33D0A /* Info.plist */ = {isa = PBXFileReference; lastKnownFileType = text.plist.xml; path = Info.plist; sourceTree = "<group>"; };
		94248BF622E6294400E33D0A /* CellViewModel.swift */ = {isa = PBXFileReference; lastKnownFileType = sourcecode.swift; path = CellViewModel.swift; sourceTree = "<group>"; };
		94248BF822E62A9900E33D0A /* Cell.swift */ = {isa = PBXFileReference; lastKnownFileType = sourcecode.swift; path = Cell.swift; sourceTree = "<group>"; };
		94A637F822E64638001CAF4E /* README.md */ = {isa = PBXFileReference; lastKnownFileType = net.daringfireball.markdown; path = README.md; sourceTree = SOURCE_ROOT; };
		94A637F922E64638001CAF4E /* .gitignore */ = {isa = PBXFileReference; lastKnownFileType = text; path = .gitignore; sourceTree = SOURCE_ROOT; };
/* End PBXFileReference section */

/* Begin PBXFrameworksBuildPhase section */
		94248BDE22E628C100E33D0A /* Frameworks */ = {
			isa = PBXFrameworksBuildPhase;
			buildActionMask = 2147483647;
			files = (
			);
			runOnlyForDeploymentPostprocessing = 0;
		};
/* End PBXFrameworksBuildPhase section */

/* Begin PBXGroup section */
		94248BD822E628C100E33D0A = {
			isa = PBXGroup;
			children = (
				94248BE322E628C100E33D0A /* ExpandableTableCell */,
				94248BE222E628C100E33D0A /* Products */,
			);
			sourceTree = "<group>";
		};
		94248BE222E628C100E33D0A /* Products */ = {
			isa = PBXGroup;
			children = (
				94248BE122E628C100E33D0A /* ExpandableTableCell.app */,
			);
			name = Products;
			sourceTree = "<group>";
		};
		94248BE322E628C100E33D0A /* ExpandableTableCell */ = {
			isa = PBXGroup;
			children = (
				94248BE422E628C100E33D0A /* AppDelegate.swift */,
				94248BE622E628C100E33D0A /* ViewController.swift */,
				94248BF622E6294400E33D0A /* CellViewModel.swift */,
				94248BF822E62A9900E33D0A /* Cell.swift */,
				94248BE822E628C100E33D0A /* Main.storyboard */,
				94248BEB22E628C200E33D0A /* Assets.xcassets */,
				94248BED22E628C200E33D0A /* LaunchScreen.storyboard */,
				94248BF022E628C200E33D0A /* Info.plist */,
				94A637F922E64638001CAF4E /* .gitignore */,
				94A637F822E64638001CAF4E /* README.md */,
			);
			path = ExpandableTableCell;
			sourceTree = "<group>";
		};
/* End PBXGroup section */

/* Begin PBXNativeTarget section */
		94248BE022E628C100E33D0A /* ExpandableTableCell */ = {
			isa = PBXNativeTarget;
			buildConfigurationList = 94248BF322E628C200E33D0A /* Build configuration list for PBXNativeTarget "ExpandableTableCell" */;
			buildPhases = (
				94248BDD22E628C100E33D0A /* Sources */,
				94248BDE22E628C100E33D0A /* Frameworks */,
				94248BDF22E628C100E33D0A /* Resources */,
			);
			buildRules = (
			);
			dependencies = (
			);
			name = ExpandableTableCell;
			productName = ExpandableTableCell;
			productReference = 94248BE122E628C100E33D0A /* ExpandableTableCell.app */;
			productType = "com.apple.product-type.application";
		};
/* End PBXNativeTarget section */

/* Begin PBXProject section */
		94248BD922E628C100E33D0A /* Project object */ = {
			isa = PBXProject;
			attributes = {
				LastSwiftUpdateCheck = 1020;
				LastUpgradeCheck = 1020;
				ORGANIZATIONNAME = "Norman Basham";
				TargetAttributes = {
					94248BE022E628C100E33D0A = {
						CreatedOnToolsVersion = 10.2.1;
					};
				};
			};
			buildConfigurationList = 94248BDC22E628C100E33D0A /* Build configuration list for PBXProject "ExpandableTableCell" */;
			compatibilityVersion = "Xcode 9.3";
			developmentRegion = en;
			hasScannedForEncodings = 0;
			knownRegions = (
				en,
				Base,
			);
			mainGroup = 94248BD822E628C100E33D0A;
			productRefGroup = 94248BE222E628C100E33D0A /* Products */;
			projectDirPath = "";
			projectRoot = "";
			targets = (
				94248BE022E628C100E33D0A /* ExpandableTableCell */,
			);
		};
/* End PBXProject section */

/* Begin PBXResourcesBuildPhase section */
		94248BDF22E628C100E33D0A /* Resources */ = {
			isa = PBXResourcesBuildPhase;
			buildActionMask = 2147483647;
			files = (
				94248BEF22E628C200E33D0A /* LaunchScreen.storyboard in Resources */,
				94248BEC22E628C200E33D0A /* Assets.xcassets in Resources */,
				94248BEA22E628C100E33D0A /* Main.storyboard in Resources */,
			);
			runOnlyForDeploymentPostprocessing = 0;
		};
/* End PBXResourcesBuildPhase section */

/* Begin PBXSourcesBuildPhase section */
		94248BDD22E628C100E33D0A /* Sources */ = {
			isa = PBXSourcesBuildPhase;
			buildActionMask = 2147483647;
			files = (
				94248BE722E628C100E33D0A /* ViewController.swift in Sources */,
				94248BF922E62A9900E33D0A /* Cell.swift in Sources */,
				94248BF722E6294400E33D0A /* CellViewModel.swift in Sources */,
				94248BE522E628C100E33D0A /* AppDelegate.swift in Sources */,
			);
			runOnlyForDeploymentPostprocessing = 0;
		};
/* End PBXSourcesBuildPhase section */

/* Begin PBXVariantGroup section */
		94248BE822E628C100E33D0A /* Main.storyboard */ = {
			isa = PBXVariantGroup;
			children = (
				94248BE922E628C100E33D0A /* Base */,
			);
			name = Main.storyboard;
			sourceTree = "<group>";
		};
		94248BED22E628C200E33D0A /* LaunchScreen.storyboard */ = {
			isa = PBXVariantGroup;
			children = (
				94248BEE22E628C200E33D0A /* Base */,
			);
			name = LaunchScreen.storyboard;
			sourceTree = "<group>";
		};
/* End PBXVariantGroup section */

/* Begin XCBuildConfiguration section */
		94248BF122E628C200E33D0A /* Debug */ = {
			isa = XCBuildConfiguration;
			buildSettings = {
				ALWAYS_SEARCH_USER_PATHS = NO;
				CLANG_ANALYZER_NONNULL = YES;
				CLANG_ANALYZER_NUMBER_OBJECT_CONVERSION = YES_AGGRESSIVE;
				CLANG_CXX_LANGUAGE_STANDARD = "gnu++14";
				CLANG_CXX_LIBRARY = "libc++";
				CLANG_ENABLE_MODULES = YES;
				CLANG_ENABLE_OBJC_ARC = YES;
				CLANG_ENABLE_OBJC_WEAK = YES;
				CLANG_WARN_BLOCK_CAPTURE_AUTORELEASING = YES;
				CLANG_WARN_BOOL_CONVERSION = YES;
				CLANG_WARN_COMMA = YES;
				CLANG_WARN_CONSTANT_CONVERSION = YES;
				CLANG_WARN_DEPRECATED_OBJC_IMPLEMENTATIONS = YES;
				CLANG_WARN_DIRECT_OBJC_ISA_USAGE = YES_ERROR;
				CLANG_WARN_DOCUMENTATION_COMMENTS = YES;
				CLANG_WARN_EMPTY_BODY = YES;
				CLANG_WARN_ENUM_CONVERSION = YES;
				CLANG_WARN_INFINITE_RECURSION = YES;
				CLANG_WARN_INT_CONVERSION = YES;
				CLANG_WARN_NON_LITERAL_NULL_CONVERSION = YES;
				CLANG_WARN_OBJC_IMPLICIT_RETAIN_SELF = YES;
				CLANG_WARN_OBJC_LITERAL_CONVERSION = YES;
				CLANG_WARN_OBJC_ROOT_CLASS = YES_ERROR;
				CLANG_WARN_RANGE_LOOP_ANALYSIS = YES;
				CLANG_WARN_STRICT_PROTOTYPES = YES;
				CLANG_WARN_SUSPICIOUS_MOVE = YES;
				CLANG_WARN_UNGUARDED_AVAILABILITY = YES_AGGRESSIVE;
				CLANG_WARN_UNREACHABLE_CODE = YES;
				CLANG_WARN__DUPLICATE_METHOD_MATCH = YES;
				CODE_SIGN_IDENTITY = "iPhone Developer";
				COPY_PHASE_STRIP = NO;
				DEBUG_INFORMATION_FORMAT = dwarf;
				ENABLE_STRICT_OBJC_MSGSEND = YES;
				ENABLE_TESTABILITY = YES;
				GCC_C_LANGUAGE_STANDARD = gnu11;
				GCC_DYNAMIC_NO_PIC = NO;
				GCC_NO_COMMON_BLOCKS = YES;
				GCC_OPTIMIZATION_LEVEL = 0;
				GCC_PREPROCESSOR_DEFINITIONS = (
					"DEBUG=1",
					"$(inherited)",
				);
				GCC_WARN_64_TO_32_BIT_CONVERSION = YES;
				GCC_WARN_ABOUT_RETURN_TYPE = YES_ERROR;
				GCC_WARN_UNDECLARED_SELECTOR = YES;
				GCC_WARN_UNINITIALIZED_AUTOS = YES_AGGRESSIVE;
				GCC_WARN_UNUSED_FUNCTION = YES;
				GCC_WARN_UNUSED_VARIABLE = YES;
				IPHONEOS_DEPLOYMENT_TARGET = 12.2;
				MTL_ENABLE_DEBUG_INFO = INCLUDE_SOURCE;
				MTL_FAST_MATH = YES;
				ONLY_ACTIVE_ARCH = YES;
				SDKROOT = iphoneos;
				SWIFT_ACTIVE_COMPILATION_CONDITIONS = DEBUG;
				SWIFT_OPTIMIZATION_LEVEL = "-Onone";
			};
			name = Debug;
		};
		94248BF222E628C200E33D0A /* Release */ = {
			isa = XCBuildConfiguration;
			buildSettings = {
				ALWAYS_SEARCH_USER_PATHS = NO;
				CLANG_ANALYZER_NONNULL = YES;
				CLANG_ANALYZER_NUMBER_OBJECT_CONVERSION = YES_AGGRESSIVE;
				CLANG_CXX_LANGUAGE_STANDARD = "gnu++14";
				CLANG_CXX_LIBRARY = "libc++";
				CLANG_ENABLE_MODULES = YES;
				CLANG_ENABLE_OBJC_ARC = YES;
				CLANG_ENABLE_OBJC_WEAK = YES;
				CLANG_WARN_BLOCK_CAPTURE_AUTORELEASING = YES;
				CLANG_WARN_BOOL_CONVERSION = YES;
				CLANG_WARN_COMMA = YES;
				CLANG_WARN_CONSTANT_CONVERSION = YES;
				CLANG_WARN_DEPRECATED_OBJC_IMPLEMENTATIONS = YES;
				CLANG_WARN_DIRECT_OBJC_ISA_USAGE = YES_ERROR;
				CLANG_WARN_DOCUMENTATION_COMMENTS = YES;
				CLANG_WARN_EMPTY_BODY = YES;
				CLANG_WARN_ENUM_CONVERSION = YES;
				CLANG_WARN_INFINITE_RECURSION = YES;
				CLANG_WARN_INT_CONVERSION = YES;
				CLANG_WARN_NON_LITERAL_NULL_CONVERSION = YES;
				CLANG_WARN_OBJC_IMPLICIT_RETAIN_SELF = YES;
				CLANG_WARN_OBJC_LITERAL_CONVERSION = YES;
				CLANG_WARN_OBJC_ROOT_CLASS = YES_ERROR;
				CLANG_WARN_RANGE_LOOP_ANALYSIS = YES;
				CLANG_WARN_STRICT_PROTOTYPES = YES;
				CLANG_WARN_SUSPICIOUS_MOVE = YES;
				CLANG_WARN_UNGUARDED_AVAILABILITY = YES_AGGRESSIVE;
				CLANG_WARN_UNREACHABLE_CODE = YES;
				CLANG_WARN__DUPLICATE_METHOD_MATCH = YES;
				CODE_SIGN_IDENTITY = "iPhone Developer";
				COPY_PHASE_STRIP = NO;
				DEBUG_INFORMATION_FORMAT = "dwarf-with-dsym";
				ENABLE_NS_ASSERTIONS = NO;
				ENABLE_STRICT_OBJC_MSGSEND = YES;
				GCC_C_LANGUAGE_STANDARD = gnu11;
				GCC_NO_COMMON_BLOCKS = YES;
				GCC_WARN_64_TO_32_BIT_CONVERSION = YES;
				GCC_WARN_ABOUT_RETURN_TYPE = YES_ERROR;
				GCC_WARN_UNDECLARED_SELECTOR = YES;
				GCC_WARN_UNINITIALIZED_AUTOS = YES_AGGRESSIVE;
				GCC_WARN_UNUSED_FUNCTION = YES;
				GCC_WARN_UNUSED_VARIABLE = YES;
				IPHONEOS_DEPLOYMENT_TARGET = 12.2;
				MTL_ENABLE_DEBUG_INFO = NO;
				MTL_FAST_MATH = YES;
				SDKROOT = iphoneos;
				SWIFT_COMPILATION_MODE = wholemodule;
				SWIFT_OPTIMIZATION_LEVEL = "-O";
				VALIDATE_PRODUCT = YES;
			};
			name = Release;
		};
		94248BF422E628C200E33D0A /* Debug */ = {
			isa = XCBuildConfiguration;
			buildSettings = {
				ASSETCATALOG_COMPILER_APPICON_NAME = AppIcon;
				CODE_SIGN_STYLE = Automatic;
				DEVELOPMENT_TEAM = BGR2CU5KFK;
				INFOPLIST_FILE = ExpandableTableCell/Info.plist;
				LD_RUNPATH_SEARCH_PATHS = (
					"$(inherited)",
					"@executable_path/Frameworks",
				);
				PRODUCT_BUNDLE_IDENTIFIER = blacklabs.ExpandableTableCell;
				PRODUCT_NAME = "$(TARGET_NAME)";
				SWIFT_VERSION = 5.0;
				TARGETED_DEVICE_FAMILY = "1,2";
			};
			name = Debug;
		};
		94248BF522E628C200E33D0A /* Release */ = {
			isa = XCBuildConfiguration;
			buildSettings = {
				ASSETCATALOG_COMPILER_APPICON_NAME = AppIcon;
				CODE_SIGN_STYLE = Automatic;
				DEVELOPMENT_TEAM = BGR2CU5KFK;
				INFOPLIST_FILE = ExpandableTableCell/Info.plist;
				LD_RUNPATH_SEARCH_PATHS = (
					"$(inherited)",
					"@executable_path/Frameworks",
				);
				PRODUCT_BUNDLE_IDENTIFIER = blacklabs.ExpandableTableCell;
				PRODUCT_NAME = "$(TARGET_NAME)";
				SWIFT_VERSION = 5.0;
				TARGETED_DEVICE_FAMILY = "1,2";
			};
			name = Release;
		};
/* End XCBuildConfiguration section */

/* Begin XCConfigurationList section */
		94248BDC22E628C100E33D0A /* Build configuration list for PBXProject "ExpandableTableCell" */ = {
			isa = XCConfigurationList;
			buildConfigurations = (
				94248BF122E628C200E33D0A /* Debug */,
				94248BF222E628C200E33D0A /* Release */,
			);
			defaultConfigurationIsVisible = 0;
			defaultConfigurationName = Release;
		};
		94248BF322E628C200E33D0A /* Build configuration list for PBXNativeTarget "ExpandableTableCell" */ = {
			isa = XCConfigurationList;
			buildConfigurations = (
				94248BF422E628C200E33D0A /* Debug */,
				94248BF522E628C200E33D0A /* Release */,
			);
			defaultConfigurationIsVisible = 0;
			defaultConfigurationName = Release;
		};
/* End XCConfigurationList section */
	};
	rootObject = 94248BD922E628C100E33D0A /* Project object */;
}
